schema: '2.0'
stages:
  behavioral_test:
    cmd: python test.py
    deps:
    - path: ../task-4-language-transformer-models/workflow/model_artifacts/args.pt
      md5: 452cd929ddeb040951ee2fb636f621d6
      size: 1455
    - path: ../task-4-language-transformer-models/workflow/model_artifacts/model_best.pt
      md5: adda4f42740e353a7e22bb96667d9af4
      size: 952692063
    - path: test.py
      md5: a636a537e70bd971d594fa1cb6dbbcaf
      size: 4533
    - path: test_data/Behavioral Testing - INV-Typos.csv
      md5: d5899ae4b401501014a641b4fd339ddf
      size: 1274
    - path: test_data/Behavioral Testing - MFT-Adversarial.csv
      md5: bba629960dcafe507939b13f01594fcc
      size: 3955
    - path: test_data/Behavioral Testing - MFT-Neutral.csv
      md5: 66cc705d5736e2079325b477cfbc83ea
      size: 4483
    - path: test_data/Behavioral Testing - MFT-Script.csv
      md5: 784467b9b73cd54be3c6fa5fe4c66bda
      size: 4733
    outs:
    - path: results/test_results.json
      md5: b03a1a8d4ba76a534bbbbc3ea24d08ce
      size: 244
