schema: '2.0'
stages:
  behavioral_test:
    cmd: python test.py
    deps:
    - path: ../task-4-language-transformer-models/workflow/model_artifacts/args.pt
      md5: ca8ebc80d573df092a32cb7bf4e93704
      size: 1519
    - path: ../task-4-language-transformer-models/workflow/model_artifacts/model_best.pt
      md5: cf8bde946b04aec603155e594d20a04e
      size: 952695135
    - path: test.py
      md5: 5d8f7074bd72c90a46ddde9620fe95ae
      size: 4565
    - path: test_data/Behavioral Testing - INV-Typos.csv
      md5: 8c106de47de60213c3d25997aef462bf
      size: 2600
    - path: test_data/Behavioral Testing - MFT-Adversarial.csv
      md5: 8f4a8f2f39025e1b2ccbb9a72cb29731
      size: 4149
    - path: test_data/Behavioral Testing - MFT-Neutral.csv
      md5: 7f1b3cd534a6115677e2a18dff77dd97
      size: 4531
    - path: test_data/Behavioral Testing - MFT-Script.csv
      md5: c1fac8b39ec0f1a77762849f369e4e0f
      size: 4262
    outs:
    - path: results/test_results.json
      md5: 77a7a05aa0974b7763324dcf55f51aa9
      size: 216
