schema: '2.0'
stages:
  train_eval:
    cmd: python train_eval.py
    deps:
    - path: ../data/hate-speech-homophobia/dev_data.csv
      md5: c908b2c85ee2b44d9af0b1d2ae2cad6c
      size: 108838
    - path: ../data/hate-speech-homophobia/test_data.csv
      md5: 314e0d1a0d67ebb3370e8d47c1584400
      size: 97534
    - path: ../data/hate-speech-homophobia/train_data.csv
      md5: 8faa7f3fc4a6b356ecb2026dee599fda
      size: 904786
    - path: params.yaml
      md5: aac3b7e2b1216820f86d816cc31689a7
      size: 762
    - path: train_eval.py
      md5: bd09043d00aa0e6c8cbf26357ae1009c
      size: 8431
    outs:
    - path: model_artifacts/args.pt
      md5: 452cd929ddeb040951ee2fb636f621d6
      size: 1455
    - path: model_artifacts/model_best.pt
      md5: adda4f42740e353a7e22bb96667d9af4
      size: 952692063
    - path: model_artifacts/test_labels.txt
      md5: 72cf4d8023dc267d0ba0d192bf69f769
      size: 27
    - path: model_artifacts/test_labels_gold.txt
      md5: b26c2e8176e929ce01acc9aba26dc012
      size: 663
    - path: model_artifacts/test_labels_pred.txt
      md5: 988608c0b8a7b2c8d4c4faae7e0fd7b9
      size: 1327
    - path: model_artifacts/test_labels_prob_pred.txt
      md5: 2c8cb4889b0b18cc1429eee8b1a2f738
      size: 5530
    - path: model_artifacts/test_pr_values.txt
      md5: 01b552a7b5072d2a173279403ede5812
      size: 7131
